
Microsoft Visual Studio Solution File, Format Version 12.00
# Visual Studio Version 16
VisualStudioVersion = 16.0.30225.117
MinimumVisualStudioVersion = 10.0.40219.1
Project("{9A19103F-16F7-4668-BE54-9A1E7A4F7556}") = "TasarYeri.DAL", "TasarYeri.DAL\TasarYeri.DAL.csproj", "{B7651AC9-6A1B-4257-9306-9D67FCCD4448}"
EndProject
Project("{9A19103F-16F7-4668-BE54-9A1E7A4F7556}") = "TasarYeri.BLL", "TasarYeri.BLL\TasarYeri.BLL.csproj", "{79316BAE-B6C8-438E-8E94-09EF11FBC1B7}"
EndProject
Project("{9A19103F-16F7-4668-BE54-9A1E7A4F7556}") = "TasarYeri.WEBUI", "TasarYeri.WEBUI\TasarYeri.WEBUI.csproj", "{B0469C63-C200-4F79-A603-5809D70385F0}"
EndProject
Global
	GlobalSection(SolutionConfigurationPlatforms) = preSolution
		Debug|Any CPU = Debug|Any CPU
		Release|Any CPU = Release|Any CPU
	EndGlobalSection
	GlobalSection(ProjectConfigurationPlatforms) = postSolution
		{B7651AC9-6A1B-4257-9306-9D67FCCD4448}.Debug|Any CPU.ActiveCfg = Debug|Any CPU
		{B7651AC9-6A1B-4257-9306-9D67FCCD4448}.Debug|Any CPU.Build.0 = Debug|Any CPU
		{B7651AC9-6A1B-4257-9306-9D67FCCD4448}.Release|Any CPU.ActiveCfg = Release|Any CPU
		{B7651AC9-6A1B-4257-9306-9D67FCCD4448}.Release|Any CPU.Build.0 = Release|Any CPU
		{79316BAE-B6C8-438E-8E94-09EF11FBC1B7}.Debug|Any CPU.ActiveCfg = Debug|Any CPU
		{79316BAE-B6C8-438E-8E94-09EF11FBC1B7}.Debug|Any CPU.Build.0 = Debug|Any CPU
		{79316BAE-B6C8-438E-8E94-09EF11FBC1B7}.Release|Any CPU.ActiveCfg = Release|Any CPU
		{79316BAE-B6C8-438E-8E94-09EF11FBC1B7}.Release|Any CPU.Build.0 = Release|Any CPU
		{B0469C63-C200-4F79-A603-5809D70385F0}.Debug|Any CPU.ActiveCfg = Debug|Any CPU
		{B0469C63-C200-4F79-A603-5809D70385F0}.Debug|Any CPU.Build.0 = Debug|Any CPU
		{B0469C63-C200-4F79-A603-5809D70385F0}.Release|Any CPU.ActiveCfg = Release|Any CPU
		{B0469C63-C200-4F79-A603-5809D70385F0}.Release|Any CPU.Build.0 = Release|Any CPU
	EndGlobalSection
	GlobalSection(SolutionProperties) = preSolution
		HideSolutionNode = FALSE
	EndGlobalSection
	GlobalSection(ExtensibilityGlobals) = postSolution
		SolutionGuid = {427C19B1-965F-48BE-A51D-E90B46BD1D6B}
	EndGlobalSection
EndGlobal
